// !$*UTF8*$!
{
	archiveVersion = 1;
	classes = {
	};
	objectVersion = 56;
	objects = {

/* Begin PBXBuildFile section */
		61AF94702B20C0B00079A24C /* AgendarApp.swift in Sources */ = {isa = PBXBuildFile; fileRef = 61AF946F2B20C0B00079A24C /* AgendarApp.swift */; };
		61AF94722B20C0B00079A24C /* ContentView.swift in Sources */ = {isa = PBXBuildFile; fileRef = 61AF94712B20C0B00079A24C /* ContentView.swift */; };
		61AF94742B20C0B20079A24C /* Assets.xcassets in Resources */ = {isa = PBXBuildFile; fileRef = 61AF94732B20C0B20079A24C /* Assets.xcassets */; };
		61AF94772B20C0B20079A24C /* Preview Assets.xcassets in Resources */ = {isa = PBXBuildFile; fileRef = 61AF94762B20C0B20079A24C /* Preview Assets.xcassets */; };
		61AF947F2B20C1110079A24C /* Toolbar.swift in Sources */ = {isa = PBXBuildFile; fileRef = 61AF947E2B20C1110079A24C /* Toolbar.swift */; };
		61AF94832B20C2CE0079A24C /* Login.swift in Sources */ = {isa = PBXBuildFile; fileRef = 61AF94822B20C2CE0079A24C /* Login.swift */; };
		61AF94862B20C4D40079A24C /* MainView.swift in Sources */ = {isa = PBXBuildFile; fileRef = 61AF94852B20C4D40079A24C /* MainView.swift */; };
		61AF94892B20C5330079A24C /* UserToolbar.swift in Sources */ = {isa = PBXBuildFile; fileRef = 61AF94882B20C5330079A24C /* UserToolbar.swift */; };
		61AF948C2B20C8760079A24C /* TokenObservable.swift in Sources */ = {isa = PBXBuildFile; fileRef = 61AF948B2B20C8760079A24C /* TokenObservable.swift */; };
		61AF948F2B20CA090079A24C /* HomeView.swift in Sources */ = {isa = PBXBuildFile; fileRef = 61AF948E2B20CA090079A24C /* HomeView.swift */; };
		61AF94922B20CABB0079A24C /* CalendarView.swift in Sources */ = {isa = PBXBuildFile; fileRef = 61AF94912B20CABB0079A24C /* CalendarView.swift */; };
		61AF94952B20E7A20079A24C /* CalendarHeader.swift in Sources */ = {isa = PBXBuildFile; fileRef = 61AF94942B20E7A20079A24C /* CalendarHeader.swift */; };
		61AF94972B20E7C80079A24C /* CalendarDay.swift in Sources */ = {isa = PBXBuildFile; fileRef = 61AF94962B20E7C80079A24C /* CalendarDay.swift */; };
		61AF94992B20EB0C0079A24C /* CalendarHour.swift in Sources */ = {isa = PBXBuildFile; fileRef = 61AF94982B20EB0C0079A24C /* CalendarHour.swift */; };
/* End PBXBuildFile section */

/* Begin PBXFileReference section */
		61AF946C2B20C0B00079A24C /* Agendar.app */ = {isa = PBXFileReference; explicitFileType = wrapper.application; includeInIndex = 0; path = Agendar.app; sourceTree = BUILT_PRODUCTS_DIR; };
		61AF946F2B20C0B00079A24C /* AgendarApp.swift */ = {isa = PBXFileReference; lastKnownFileType = sourcecode.swift; path = AgendarApp.swift; sourceTree = "<group>"; };
		61AF94712B20C0B00079A24C /* ContentView.swift */ = {isa = PBXFileReference; lastKnownFileType = sourcecode.swift; path = ContentView.swift; sourceTree = "<group>"; };
		61AF94732B20C0B20079A24C /* Assets.xcassets */ = {isa = PBXFileReference; lastKnownFileType = folder.assetcatalog; path = Assets.xcassets; sourceTree = "<group>"; };
		61AF94762B20C0B20079A24C /* Preview Assets.xcassets */ = {isa = PBXFileReference; lastKnownFileType = folder.assetcatalog; path = "Preview Assets.xcassets"; sourceTree = "<group>"; };
		61AF947E2B20C1110079A24C /* Toolbar.swift */ = {isa = PBXFileReference; lastKnownFileType = sourcecode.swift; path = Toolbar.swift; sourceTree = "<group>"; };
		61AF94822B20C2CE0079A24C /* Login.swift */ = {isa = PBXFileReference; lastKnownFileType = sourcecode.swift; path = Login.swift; sourceTree = "<group>"; };
		61AF94852B20C4D40079A24C /* MainView.swift */ = {isa = PBXFileReference; lastKnownFileType = sourcecode.swift; path = MainView.swift; sourceTree = "<group>"; };
		61AF94882B20C5330079A24C /* UserToolbar.swift */ = {isa = PBXFileReference; lastKnownFileType = sourcecode.swift; path = UserToolbar.swift; sourceTree = "<group>"; };
		61AF948B2B20C8760079A24C /* TokenObservable.swift */ = {isa = PBXFileReference; lastKnownFileType = sourcecode.swift; path = TokenObservable.swift; sourceTree = "<group>"; };
		61AF948E2B20CA090079A24C /* HomeView.swift */ = {isa = PBXFileReference; lastKnownFileType = sourcecode.swift; path = HomeView.swift; sourceTree = "<group>"; };
		61AF94912B20CABB0079A24C /* CalendarView.swift */ = {isa = PBXFileReference; lastKnownFileType = sourcecode.swift; path = CalendarView.swift; sourceTree = "<group>"; };
		61AF94942B20E7A20079A24C /* CalendarHeader.swift */ = {isa = PBXFileReference; lastKnownFileType = sourcecode.swift; path = CalendarHeader.swift; sourceTree = "<group>"; };
		61AF94962B20E7C80079A24C /* CalendarDay.swift */ = {isa = PBXFileReference; lastKnownFileType = sourcecode.swift; path = CalendarDay.swift; sourceTree = "<group>"; };
		61AF94982B20EB0C0079A24C /* CalendarHour.swift */ = {isa = PBXFileReference; lastKnownFileType = sourcecode.swift; path = CalendarHour.swift; sourceTree = "<group>"; };
/* End PBXFileReference section */

/* Begin PBXFrameworksBuildPhase section */
		61AF94692B20C0B00079A24C /* Frameworks */ = {
			isa = PBXFrameworksBuildPhase;
			buildActionMask = 2147483647;
			files = (
			);
			runOnlyForDeploymentPostprocessing = 0;
		};
/* End PBXFrameworksBuildPhase section */

/* Begin PBXGroup section */
		61AF94632B20C0B00079A24C = {
			isa = PBXGroup;
			children = (
				61AF946E2B20C0B00079A24C /* Agendar */,
				61AF946D2B20C0B00079A24C /* Products */,
			);
			sourceTree = "<group>";
		};
		61AF946D2B20C0B00079A24C /* Products */ = {
			isa = PBXGroup;
			children = (
				61AF946C2B20C0B00079A24C /* Agendar.app */,
			);
			name = Products;
			sourceTree = "<group>";
		};
		61AF946E2B20C0B00079A24C /* Agendar */ = {
			isa = PBXGroup;
			children = (
				61AF948A2B20C8670079A24C /* Configuration */,
				61AF94842B20C4C70079A24C /* MainView */,
				61AF947D2B20C1000079A24C /* Navigation */,
				61AF946F2B20C0B00079A24C /* AgendarApp.swift */,
				61AF94712B20C0B00079A24C /* ContentView.swift */,
				61AF94732B20C0B20079A24C /* Assets.xcassets */,
				61AF94752B20C0B20079A24C /* Preview Content */,
				61AF94822B20C2CE0079A24C /* Login.swift */,
			);
			path = Agendar;
			sourceTree = "<group>";
		};
		61AF94752B20C0B20079A24C /* Preview Content */ = {
			isa = PBXGroup;
			children = (
				61AF94762B20C0B20079A24C /* Preview Assets.xcassets */,
			);
			path = "Preview Content";
			sourceTree = "<group>";
		};
		61AF947D2B20C1000079A24C /* Navigation */ = {
			isa = PBXGroup;
			children = (
				61AF947E2B20C1110079A24C /* Toolbar.swift */,
			);
			path = Navigation;
			sourceTree = "<group>";
		};
		61AF94842B20C4C70079A24C /* MainView */ = {
			isa = PBXGroup;
			children = (
				61AF948D2B20C9F60079A24C /* Pages */,
				61AF94872B20C5270079A24C /* Navigation */,
				61AF94852B20C4D40079A24C /* MainView.swift */,
			);
			path = MainView;
			sourceTree = "<group>";
		};
		61AF94872B20C5270079A24C /* Navigation */ = {
			isa = PBXGroup;
			children = (
				61AF94882B20C5330079A24C /* UserToolbar.swift */,
			);
			path = Navigation;
			sourceTree = "<group>";
		};
		61AF948A2B20C8670079A24C /* Configuration */ = {
			isa = PBXGroup;
			children = (
				61AF948B2B20C8760079A24C /* TokenObservable.swift */,
			);
			path = Configuration;
			sourceTree = "<group>";
		};
		61AF948D2B20C9F60079A24C /* Pages */ = {
			isa = PBXGroup;
			children = (
				61AF94932B20E77F0079A24C /* Calendar */,
				61AF948E2B20CA090079A24C /* HomeView.swift */,
			);
			path = Pages;
			sourceTree = "<group>";
		};
		61AF94932B20E77F0079A24C /* Calendar */ = {
			isa = PBXGroup;
			children = (
				61AF94912B20CABB0079A24C /* CalendarView.swift */,
				61AF94942B20E7A20079A24C /* CalendarHeader.swift */,
				61AF94962B20E7C80079A24C /* CalendarDay.swift */,
				61AF94982B20EB0C0079A24C /* CalendarHour.swift */,
			);
			path = Calendar;
			sourceTree = "<group>";
		};
/* End PBXGroup section */

/* Begin PBXNativeTarget section */
		61AF946B2B20C0B00079A24C /* Agendar */ = {
			isa = PBXNativeTarget;
			buildConfigurationList = 61AF947A2B20C0B20079A24C /* Build configuration list for PBXNativeTarget "Agendar" */;
			buildPhases = (
				61AF94682B20C0B00079A24C /* Sources */,
				61AF94692B20C0B00079A24C /* Frameworks */,
				61AF946A2B20C0B00079A24C /* Resources */,
			);
			buildRules = (
			);
			dependencies = (
			);
			name = Agendar;
			productName = Agendar;
			productReference = 61AF946C2B20C0B00079A24C /* Agendar.app */;
			productType = "com.apple.product-type.application";
		};
/* End PBXNativeTarget section */

/* Begin PBXProject section */
		61AF94642B20C0B00079A24C /* Project object */ = {
			isa = PBXProject;
			attributes = {
				BuildIndependentTargetsInParallel = 1;
				LastSwiftUpdateCheck = 1420;
				LastUpgradeCheck = 1420;
				TargetAttributes = {
					61AF946B2B20C0B00079A24C = {
						CreatedOnToolsVersion = 14.2;
					};
				};
			};
			buildConfigurationList = 61AF94672B20C0B00079A24C /* Build configuration list for PBXProject "Agendar" */;
			compatibilityVersion = "Xcode 14.0";
			developmentRegion = en;
			hasScannedForEncodings = 0;
			knownRegions = (
				en,
				Base,
			);
			mainGroup = 61AF94632B20C0B00079A24C;
			productRefGroup = 61AF946D2B20C0B00079A24C /* Products */;
			projectDirPath = "";
			projectRoot = "";
			targets = (
				61AF946B2B20C0B00079A24C /* Agendar */,
			);
		};
/* End PBXProject section */

/* Begin PBXResourcesBuildPhase section */
		61AF946A2B20C0B00079A24C /* Resources */ = {
			isa = PBXResourcesBuildPhase;
			buildActionMask = 2147483647;
			files = (
				61AF94772B20C0B20079A24C /* Preview Assets.xcassets in Resources */,
				61AF94742B20C0B20079A24C /* Assets.xcassets in Resources */,
			);
			runOnlyForDeploymentPostprocessing = 0;
		};
/* End PBXResourcesBuildPhase section */

/* Begin PBXSourcesBuildPhase section */
		61AF94682B20C0B00079A24C /* Sources */ = {
			isa = PBXSourcesBuildPhase;
			buildActionMask = 2147483647;
			files = (
				61AF94972B20E7C80079A24C /* CalendarDay.swift in Sources */,
				61AF947F2B20C1110079A24C /* Toolbar.swift in Sources */,
				61AF94722B20C0B00079A24C /* ContentView.swift in Sources */,
				61AF94892B20C5330079A24C /* UserToolbar.swift in Sources */,
				61AF948C2B20C8760079A24C /* TokenObservable.swift in Sources */,
				61AF94992B20EB0C0079A24C /* CalendarHour.swift in Sources */,
				61AF94952B20E7A20079A24C /* CalendarHeader.swift in Sources */,
				61AF94702B20C0B00079A24C /* AgendarApp.swift in Sources */,
				61AF94922B20CABB0079A24C /* CalendarView.swift in Sources */,
				61AF948F2B20CA090079A24C /* HomeView.swift in Sources */,
				61AF94862B20C4D40079A24C /* MainView.swift in Sources */,
				61AF94832B20C2CE0079A24C /* Login.swift in Sources */,
			);
			runOnlyForDeploymentPostprocessing = 0;
		};
/* End PBXSourcesBuildPhase section */

/* Begin XCBuildConfiguration section */
		61AF94782B20C0B20079A24C /* Debug */ = {
			isa = XCBuildConfiguration;
			buildSettings = {
				ALWAYS_SEARCH_USER_PATHS = NO;
				CLANG_ANALYZER_NONNULL = YES;
				CLANG_ANALYZER_NUMBER_OBJECT_CONVERSION = YES_AGGRESSIVE;
				CLANG_CXX_LANGUAGE_STANDARD = "gnu++20";
				CLANG_ENABLE_MODULES = YES;
				CLANG_ENABLE_OBJC_ARC = YES;
				CLANG_ENABLE_OBJC_WEAK = YES;
				CLANG_WARN_BLOCK_CAPTURE_AUTORELEASING = YES;
				CLANG_WARN_BOOL_CONVERSION = YES;
				CLANG_WARN_COMMA = YES;
				CLANG_WARN_CONSTANT_CONVERSION = YES;
				CLANG_WARN_DEPRECATED_OBJC_IMPLEMENTATIONS = YES;
				CLANG_WARN_DIRECT_OBJC_ISA_USAGE = YES_ERROR;
				CLANG_WARN_DOCUMENTATION_COMMENTS = YES;
				CLANG_WARN_EMPTY_BODY = YES;
				CLANG_WARN_ENUM_CONVERSION = YES;
				CLANG_WARN_INFINITE_RECURSION = YES;
				CLANG_WARN_INT_CONVERSION = YES;
				CLANG_WARN_NON_LITERAL_NULL_CONVERSION = YES;
				CLANG_WARN_OBJC_IMPLICIT_RETAIN_SELF = YES;
				CLANG_WARN_OBJC_LITERAL_CONVERSION = YES;
				CLANG_WARN_OBJC_ROOT_CLASS = YES_ERROR;
				CLANG_WARN_QUOTED_INCLUDE_IN_FRAMEWORK_HEADER = YES;
				CLANG_WARN_RANGE_LOOP_ANALYSIS = YES;
				CLANG_WARN_STRICT_PROTOTYPES = YES;
				CLANG_WARN_SUSPICIOUS_MOVE = YES;
				CLANG_WARN_UNGUARDED_AVAILABILITY = YES_AGGRESSIVE;
				CLANG_WARN_UNREACHABLE_CODE = YES;
				CLANG_WARN__DUPLICATE_METHOD_MATCH = YES;
				COPY_PHASE_STRIP = NO;
				DEBUG_INFORMATION_FORMAT = dwarf;
				ENABLE_STRICT_OBJC_MSGSEND = YES;
				ENABLE_TESTABILITY = YES;
				GCC_C_LANGUAGE_STANDARD = gnu11;
				GCC_DYNAMIC_NO_PIC = NO;
				GCC_NO_COMMON_BLOCKS = YES;
				GCC_OPTIMIZATION_LEVEL = 0;
				GCC_PREPROCESSOR_DEFINITIONS = (
					"DEBUG=1",
					"$(inherited)",
				);
				GCC_WARN_64_TO_32_BIT_CONVERSION = YES;
				GCC_WARN_ABOUT_RETURN_TYPE = YES_ERROR;
				GCC_WARN_UNDECLARED_SELECTOR = YES;
				GCC_WARN_UNINITIALIZED_AUTOS = YES_AGGRESSIVE;
				GCC_WARN_UNUSED_FUNCTION = YES;
				GCC_WARN_UNUSED_VARIABLE = YES;
				IPHONEOS_DEPLOYMENT_TARGET = 16.2;
				MTL_ENABLE_DEBUG_INFO = INCLUDE_SOURCE;
				MTL_FAST_MATH = YES;
				ONLY_ACTIVE_ARCH = YES;
				SDKROOT = iphoneos;
				SWIFT_ACTIVE_COMPILATION_CONDITIONS = DEBUG;
				SWIFT_OPTIMIZATION_LEVEL = "-Onone";
			};
			name = Debug;
		};
		61AF94792B20C0B20079A24C /* Release */ = {
			isa = XCBuildConfiguration;
			buildSettings = {
				ALWAYS_SEARCH_USER_PATHS = NO;
				CLANG_ANALYZER_NONNULL = YES;
				CLANG_ANALYZER_NUMBER_OBJECT_CONVERSION = YES_AGGRESSIVE;
				CLANG_CXX_LANGUAGE_STANDARD = "gnu++20";
				CLANG_ENABLE_MODULES = YES;
				CLANG_ENABLE_OBJC_ARC = YES;
				CLANG_ENABLE_OBJC_WEAK = YES;
				CLANG_WARN_BLOCK_CAPTURE_AUTORELEASING = YES;
				CLANG_WARN_BOOL_CONVERSION = YES;
				CLANG_WARN_COMMA = YES;
				CLANG_WARN_CONSTANT_CONVERSION = YES;
				CLANG_WARN_DEPRECATED_OBJC_IMPLEMENTATIONS = YES;
				CLANG_WARN_DIRECT_OBJC_ISA_USAGE = YES_ERROR;
				CLANG_WARN_DOCUMENTATION_COMMENTS = YES;
				CLANG_WARN_EMPTY_BODY = YES;
				CLANG_WARN_ENUM_CONVERSION = YES;
				CLANG_WARN_INFINITE_RECURSION = YES;
				CLANG_WARN_INT_CONVERSION = YES;
				CLANG_WARN_NON_LITERAL_NULL_CONVERSION = YES;
				CLANG_WARN_OBJC_IMPLICIT_RETAIN_SELF = YES;
				CLANG_WARN_OBJC_LITERAL_CONVERSION = YES;
				CLANG_WARN_OBJC_ROOT_CLASS = YES_ERROR;
				CLANG_WARN_QUOTED_INCLUDE_IN_FRAMEWORK_HEADER = YES;
				CLANG_WARN_RANGE_LOOP_ANALYSIS = YES;
				CLANG_WARN_STRICT_PROTOTYPES = YES;
				CLANG_WARN_SUSPICIOUS_MOVE = YES;
				CLANG_WARN_UNGUARDED_AVAILABILITY = YES_AGGRESSIVE;
				CLANG_WARN_UNREACHABLE_CODE = YES;
				CLANG_WARN__DUPLICATE_METHOD_MATCH = YES;
				COPY_PHASE_STRIP = NO;
				DEBUG_INFORMATION_FORMAT = "dwarf-with-dsym";
				ENABLE_NS_ASSERTIONS = NO;
				ENABLE_STRICT_OBJC_MSGSEND = YES;
				GCC_C_LANGUAGE_STANDARD = gnu11;
				GCC_NO_COMMON_BLOCKS = YES;
				GCC_WARN_64_TO_32_BIT_CONVERSION = YES;
				GCC_WARN_ABOUT_RETURN_TYPE = YES_ERROR;
				GCC_WARN_UNDECLARED_SELECTOR = YES;
				GCC_WARN_UNINITIALIZED_AUTOS = YES_AGGRESSIVE;
				GCC_WARN_UNUSED_FUNCTION = YES;
				GCC_WARN_UNUSED_VARIABLE = YES;
				IPHONEOS_DEPLOYMENT_TARGET = 16.2;
				MTL_ENABLE_DEBUG_INFO = NO;
				MTL_FAST_MATH = YES;
				SDKROOT = iphoneos;
				SWIFT_COMPILATION_MODE = wholemodule;
				SWIFT_OPTIMIZATION_LEVEL = "-O";
				VALIDATE_PRODUCT = YES;
			};
			name = Release;
		};
		61AF947B2B20C0B20079A24C /* Debug */ = {
			isa = XCBuildConfiguration;
			buildSettings = {
				ASSETCATALOG_COMPILER_APPICON_NAME = AppIcon;
				ASSETCATALOG_COMPILER_GLOBAL_ACCENT_COLOR_NAME = AccentColor;
				CODE_SIGN_STYLE = Automatic;
				CURRENT_PROJECT_VERSION = 1;
				DEVELOPMENT_ASSET_PATHS = "\"Agendar/Preview Content\"";
				DEVELOPMENT_TEAM = B5BDAQU6WD;
				ENABLE_PREVIEWS = YES;
				GENERATE_INFOPLIST_FILE = YES;
				INFOPLIST_KEY_LSApplicationCategoryType = "public.app-category.business";
				INFOPLIST_KEY_UIApplicationSceneManifest_Generation = YES;
				INFOPLIST_KEY_UIApplicationSupportsIndirectInputEvents = YES;
				INFOPLIST_KEY_UILaunchScreen_Generation = YES;
				INFOPLIST_KEY_UISupportedInterfaceOrientations_iPad = "UIInterfaceOrientationPortrait UIInterfaceOrientationPortraitUpsideDown UIInterfaceOrientationLandscapeLeft UIInterfaceOrientationLandscapeRight";
				INFOPLIST_KEY_UISupportedInterfaceOrientations_iPhone = "UIInterfaceOrientationPortrait UIInterfaceOrientationLandscapeLeft UIInterfaceOrientationLandscapeRight";
				LD_RUNPATH_SEARCH_PATHS = (
					"$(inherited)",
					"@executable_path/Frameworks",
				);
				MARKETING_VERSION = 1.0;
				PRODUCT_BUNDLE_IDENTIFIER = com.sunsetsForJenn.Agendar;
				PRODUCT_NAME = "$(TARGET_NAME)";
				SWIFT_EMIT_LOC_STRINGS = YES;
				SWIFT_VERSION = 5.0;
				TARGETED_DEVICE_FAMILY = "1,2";
			};
			name = Debug;
		};
		61AF947C2B20C0B20079A24C /* Release */ = {
			isa = XCBuildConfiguration;
			buildSettings = {
				ASSETCATALOG_COMPILER_APPICON_NAME = AppIcon;
				ASSETCATALOG_COMPILER_GLOBAL_ACCENT_COLOR_NAME = AccentColor;
				CODE_SIGN_STYLE = Automatic;
				CURRENT_PROJECT_VERSION = 1;
				DEVELOPMENT_ASSET_PATHS = "\"Agendar/Preview Content\"";
				DEVELOPMENT_TEAM = B5BDAQU6WD;
				ENABLE_PREVIEWS = YES;
				GENERATE_INFOPLIST_FILE = YES;
				INFOPLIST_KEY_LSApplicationCategoryType = "public.app-category.business";
				INFOPLIST_KEY_UIApplicationSceneManifest_Generation = YES;
				INFOPLIST_KEY_UIApplicationSupportsIndirectInputEvents = YES;
				INFOPLIST_KEY_UILaunchScreen_Generation = YES;
				INFOPLIST_KEY_UISupportedInterfaceOrientations_iPad = "UIInterfaceOrientationPortrait UIInterfaceOrientationPortraitUpsideDown UIInterfaceOrientationLandscapeLeft UIInterfaceOrientationLandscapeRight";
				INFOPLIST_KEY_UISupportedInterfaceOrientations_iPhone = "UIInterfaceOrientationPortrait UIInterfaceOrientationLandscapeLeft UIInterfaceOrientationLandscapeRight";
				LD_RUNPATH_SEARCH_PATHS = (
					"$(inherited)",
					"@executable_path/Frameworks",
				);
				MARKETING_VERSION = 1.0;
				PRODUCT_BUNDLE_IDENTIFIER = com.sunsetsForJenn.Agendar;
				PRODUCT_NAME = "$(TARGET_NAME)";
				SWIFT_EMIT_LOC_STRINGS = YES;
				SWIFT_VERSION = 5.0;
				TARGETED_DEVICE_FAMILY = "1,2";
			};
			name = Release;
		};
/* End XCBuildConfiguration section */

/* Begin XCConfigurationList section */
		61AF94672B20C0B00079A24C /* Build configuration list for PBXProject "Agendar" */ = {
			isa = XCConfigurationList;
			buildConfigurations = (
				61AF94782B20C0B20079A24C /* Debug */,
				61AF94792B20C0B20079A24C /* Release */,
			);
			defaultConfigurationIsVisible = 0;
			defaultConfigurationName = Release;
		};
		61AF947A2B20C0B20079A24C /* Build configuration list for PBXNativeTarget "Agendar" */ = {
			isa = XCConfigurationList;
			buildConfigurations = (
				61AF947B2B20C0B20079A24C /* Debug */,
				61AF947C2B20C0B20079A24C /* Release */,
			);
			defaultConfigurationIsVisible = 0;
			defaultConfigurationName = Release;
		};
/* End XCConfigurationList section */
	};
	rootObject = 61AF94642B20C0B00079A24C /* Project object */;
}
